// !$*UTF8*$!
{
	archiveVersion = 1;
	classes = {
	};
	objectVersion = 50;
	objects = {

/* Begin PBXBuildFile section */
		447AB9EE2510EA0300FB764B /* AppDelegate.m in Sources */ = {isa = PBXBuildFile; fileRef = 447AB9ED2510EA0300FB764B /* AppDelegate.m */; };
		447AB9F12510EA0300FB764B /* SceneDelegate.m in Sources */ = {isa = PBXBuildFile; fileRef = 447AB9F02510EA0300FB764B /* SceneDelegate.m */; };
		447AB9F42510EA0300FB764B /* ViewController.m in Sources */ = {isa = PBXBuildFile; fileRef = 447AB9F32510EA0300FB764B /* ViewController.m */; };
		447AB9F72510EA0300FB764B /* Main.storyboard in Resources */ = {isa = PBXBuildFile; fileRef = 447AB9F52510EA0300FB764B /* Main.storyboard */; };
		447AB9FA2510EA0300FB764B /* HYPRiOSCodingChallenge.xcdatamodeld in Sources */ = {isa = PBXBuildFile; fileRef = 447AB9F82510EA0300FB764B /* HYPRiOSCodingChallenge.xcdatamodeld */; };
		447AB9FC2510EA0400FB764B /* Assets.xcassets in Resources */ = {isa = PBXBuildFile; fileRef = 447AB9FB2510EA0400FB764B /* Assets.xcassets */; };
		447AB9FF2510EA0400FB764B /* LaunchScreen.storyboard in Resources */ = {isa = PBXBuildFile; fileRef = 447AB9FD2510EA0400FB764B /* LaunchScreen.storyboard */; };
		447ABA022510EA0400FB764B /* main.m in Sources */ = {isa = PBXBuildFile; fileRef = 447ABA012510EA0400FB764B /* main.m */; };
		447ABA0A2511027B00FB764B /* CustomInsetTextField.m in Sources */ = {isa = PBXBuildFile; fileRef = 447ABA092511027B00FB764B /* CustomInsetTextField.m */; };
		447ABA0D25110C6300FB764B /* QueryManager.m in Sources */ = {isa = PBXBuildFile; fileRef = 447ABA0C25110C6300FB764B /* QueryManager.m */; };
		447ABA122511349300FB764B /* School.m in Sources */ = {isa = PBXBuildFile; fileRef = 447ABA112511349300FB764B /* School.m */; };
		447ABA15251144D900FB764B /* CustomInsetLabel.m in Sources */ = {isa = PBXBuildFile; fileRef = 447ABA14251144D900FB764B /* CustomInsetLabel.m */; };
/* End PBXBuildFile section */

/* Begin PBXFileReference section */
		447AB9E92510EA0300FB764B /* HYPRiOSCodingChallenge.app */ = {isa = PBXFileReference; explicitFileType = wrapper.application; includeInIndex = 0; path = HYPRiOSCodingChallenge.app; sourceTree = BUILT_PRODUCTS_DIR; };
		447AB9EC2510EA0300FB764B /* AppDelegate.h */ = {isa = PBXFileReference; lastKnownFileType = sourcecode.c.h; path = AppDelegate.h; sourceTree = "<group>"; };
		447AB9ED2510EA0300FB764B /* AppDelegate.m */ = {isa = PBXFileReference; lastKnownFileType = sourcecode.c.objc; path = AppDelegate.m; sourceTree = "<group>"; };
		447AB9EF2510EA0300FB764B /* SceneDelegate.h */ = {isa = PBXFileReference; lastKnownFileType = sourcecode.c.h; path = SceneDelegate.h; sourceTree = "<group>"; };
		447AB9F02510EA0300FB764B /* SceneDelegate.m */ = {isa = PBXFileReference; lastKnownFileType = sourcecode.c.objc; path = SceneDelegate.m; sourceTree = "<group>"; };
		447AB9F22510EA0300FB764B /* ViewController.h */ = {isa = PBXFileReference; lastKnownFileType = sourcecode.c.h; path = ViewController.h; sourceTree = "<group>"; };
		447AB9F32510EA0300FB764B /* ViewController.m */ = {isa = PBXFileReference; lastKnownFileType = sourcecode.c.objc; path = ViewController.m; sourceTree = "<group>"; };
		447AB9F62510EA0300FB764B /* Base */ = {isa = PBXFileReference; lastKnownFileType = file.storyboard; name = Base; path = Base.lproj/Main.storyboard; sourceTree = "<group>"; };
		447AB9F92510EA0300FB764B /* HYPRiOSCodingChallenge.xcdatamodel */ = {isa = PBXFileReference; lastKnownFileType = wrapper.xcdatamodel; path = HYPRiOSCodingChallenge.xcdatamodel; sourceTree = "<group>"; };
		447AB9FB2510EA0400FB764B /* Assets.xcassets */ = {isa = PBXFileReference; lastKnownFileType = folder.assetcatalog; path = Assets.xcassets; sourceTree = "<group>"; };
		447AB9FE2510EA0400FB764B /* Base */ = {isa = PBXFileReference; lastKnownFileType = file.storyboard; name = Base; path = Base.lproj/LaunchScreen.storyboard; sourceTree = "<group>"; };
		447ABA002510EA0400FB764B /* Info.plist */ = {isa = PBXFileReference; lastKnownFileType = text.plist.xml; path = Info.plist; sourceTree = "<group>"; };
		447ABA012510EA0400FB764B /* main.m */ = {isa = PBXFileReference; lastKnownFileType = sourcecode.c.objc; path = main.m; sourceTree = "<group>"; };
		447ABA082511027B00FB764B /* CustomInsetTextField.h */ = {isa = PBXFileReference; lastKnownFileType = sourcecode.c.h; path = CustomInsetTextField.h; sourceTree = "<group>"; };
		447ABA092511027B00FB764B /* CustomInsetTextField.m */ = {isa = PBXFileReference; lastKnownFileType = sourcecode.c.objc; path = CustomInsetTextField.m; sourceTree = "<group>"; };
		447ABA0B25110C6300FB764B /* QueryManager.h */ = {isa = PBXFileReference; lastKnownFileType = sourcecode.c.h; path = QueryManager.h; sourceTree = "<group>"; };
		447ABA0C25110C6300FB764B /* QueryManager.m */ = {isa = PBXFileReference; lastKnownFileType = sourcecode.c.objc; path = QueryManager.m; sourceTree = "<group>"; };
		447ABA102511349300FB764B /* School.h */ = {isa = PBXFileReference; lastKnownFileType = sourcecode.c.h; path = School.h; sourceTree = "<group>"; };
		447ABA112511349300FB764B /* School.m */ = {isa = PBXFileReference; lastKnownFileType = sourcecode.c.objc; path = School.m; sourceTree = "<group>"; };
		447ABA13251144D900FB764B /* CustomInsetLabel.h */ = {isa = PBXFileReference; lastKnownFileType = sourcecode.c.h; path = CustomInsetLabel.h; sourceTree = "<group>"; };
		447ABA14251144D900FB764B /* CustomInsetLabel.m */ = {isa = PBXFileReference; lastKnownFileType = sourcecode.c.objc; path = CustomInsetLabel.m; sourceTree = "<group>"; };
/* End PBXFileReference section */

/* Begin PBXFrameworksBuildPhase section */
		447AB9E62510EA0300FB764B /* Frameworks */ = {
			isa = PBXFrameworksBuildPhase;
			buildActionMask = 2147483647;
			files = (
			);
			runOnlyForDeploymentPostprocessing = 0;
		};
/* End PBXFrameworksBuildPhase section */

/* Begin PBXGroup section */
		447AB9E02510EA0300FB764B = {
			isa = PBXGroup;
			children = (
				447AB9EB2510EA0300FB764B /* HYPRiOSCodingChallenge */,
				447AB9EA2510EA0300FB764B /* Products */,
			);
			sourceTree = "<group>";
		};
		447AB9EA2510EA0300FB764B /* Products */ = {
			isa = PBXGroup;
			children = (
				447AB9E92510EA0300FB764B /* HYPRiOSCodingChallenge.app */,
			);
			name = Products;
			sourceTree = "<group>";
		};
		447AB9EB2510EA0300FB764B /* HYPRiOSCodingChallenge */ = {
			isa = PBXGroup;
			children = (
				447AB9EC2510EA0300FB764B /* AppDelegate.h */,
				447AB9ED2510EA0300FB764B /* AppDelegate.m */,
				447AB9EF2510EA0300FB764B /* SceneDelegate.h */,
				447AB9F02510EA0300FB764B /* SceneDelegate.m */,
				447AB9F22510EA0300FB764B /* ViewController.h */,
				447AB9F32510EA0300FB764B /* ViewController.m */,
				447ABA13251144D900FB764B /* CustomInsetLabel.h */,
				447ABA14251144D900FB764B /* CustomInsetLabel.m */,
				447ABA082511027B00FB764B /* CustomInsetTextField.h */,
				447ABA092511027B00FB764B /* CustomInsetTextField.m */,
				447ABA102511349300FB764B /* School.h */,
				447ABA112511349300FB764B /* School.m */,
				447ABA0B25110C6300FB764B /* QueryManager.h */,
				447ABA0C25110C6300FB764B /* QueryManager.m */,
				447AB9F52510EA0300FB764B /* Main.storyboard */,
				447AB9FB2510EA0400FB764B /* Assets.xcassets */,
				447AB9FD2510EA0400FB764B /* LaunchScreen.storyboard */,
				447ABA002510EA0400FB764B /* Info.plist */,
				447ABA012510EA0400FB764B /* main.m */,
				447AB9F82510EA0300FB764B /* HYPRiOSCodingChallenge.xcdatamodeld */,
			);
			path = HYPRiOSCodingChallenge;
			sourceTree = "<group>";
		};
/* End PBXGroup section */

/* Begin PBXNativeTarget section */
		447AB9E82510EA0300FB764B /* HYPRiOSCodingChallenge */ = {
			isa = PBXNativeTarget;
			buildConfigurationList = 447ABA052510EA0400FB764B /* Build configuration list for PBXNativeTarget "HYPRiOSCodingChallenge" */;
			buildPhases = (
				447AB9E52510EA0300FB764B /* Sources */,
				447AB9E62510EA0300FB764B /* Frameworks */,
				447AB9E72510EA0300FB764B /* Resources */,
			);
			buildRules = (
			);
			dependencies = (
			);
			name = HYPRiOSCodingChallenge;
			productName = HYPRiOSCodingChallenge;
			productReference = 447AB9E92510EA0300FB764B /* HYPRiOSCodingChallenge.app */;
			productType = "com.apple.product-type.application";
		};
/* End PBXNativeTarget section */

/* Begin PBXProject section */
		447AB9E12510EA0300FB764B /* Project object */ = {
			isa = PBXProject;
			attributes = {
				LastUpgradeCheck = 1170;
				ORGANIZATIONNAME = "Thomas Warner";
				TargetAttributes = {
					447AB9E82510EA0300FB764B = {
						CreatedOnToolsVersion = 11.7;
					};
				};
			};
			buildConfigurationList = 447AB9E42510EA0300FB764B /* Build configuration list for PBXProject "HYPRiOSCodingChallenge" */;
			compatibilityVersion = "Xcode 9.3";
			developmentRegion = en;
			hasScannedForEncodings = 0;
			knownRegions = (
				en,
				Base,
			);
			mainGroup = 447AB9E02510EA0300FB764B;
			productRefGroup = 447AB9EA2510EA0300FB764B /* Products */;
			projectDirPath = "";
			projectRoot = "";
			targets = (
				447AB9E82510EA0300FB764B /* HYPRiOSCodingChallenge */,
			);
		};
/* End PBXProject section */

/* Begin PBXResourcesBuildPhase section */
		447AB9E72510EA0300FB764B /* Resources */ = {
			isa = PBXResourcesBuildPhase;
			buildActionMask = 2147483647;
			files = (
				447AB9FF2510EA0400FB764B /* LaunchScreen.storyboard in Resources */,
				447AB9FC2510EA0400FB764B /* Assets.xcassets in Resources */,
				447AB9F72510EA0300FB764B /* Main.storyboard in Resources */,
			);
			runOnlyForDeploymentPostprocessing = 0;
		};
/* End PBXResourcesBuildPhase section */

/* Begin PBXSourcesBuildPhase section */
		447AB9E52510EA0300FB764B /* Sources */ = {
			isa = PBXSourcesBuildPhase;
			buildActionMask = 2147483647;
			files = (
				447ABA15251144D900FB764B /* CustomInsetLabel.m in Sources */,
				447ABA0A2511027B00FB764B /* CustomInsetTextField.m in Sources */,
				447ABA022510EA0400FB764B /* main.m in Sources */,
				447AB9FA2510EA0300FB764B /* HYPRiOSCodingChallenge.xcdatamodeld in Sources */,
				447ABA122511349300FB764B /* School.m in Sources */,
				447ABA0D25110C6300FB764B /* QueryManager.m in Sources */,
				447AB9F42510EA0300FB764B /* ViewController.m in Sources */,
				447AB9EE2510EA0300FB764B /* AppDelegate.m in Sources */,
				447AB9F12510EA0300FB764B /* SceneDelegate.m in Sources */,
			);
			runOnlyForDeploymentPostprocessing = 0;
		};
/* End PBXSourcesBuildPhase section */

/* Begin PBXVariantGroup section */
		447AB9F52510EA0300FB764B /* Main.storyboard */ = {
			isa = PBXVariantGroup;
			children = (
				447AB9F62510EA0300FB764B /* Base */,
			);
			name = Main.storyboard;
			sourceTree = "<group>";
		};
		447AB9FD2510EA0400FB764B /* LaunchScreen.storyboard */ = {
			isa = PBXVariantGroup;
			children = (
				447AB9FE2510EA0400FB764B /* Base */,
			);
			name = LaunchScreen.storyboard;
			sourceTree = "<group>";
		};
/* End PBXVariantGroup section */

/* Begin XCBuildConfiguration section */
		447ABA032510EA0400FB764B /* Debug */ = {
			isa = XCBuildConfiguration;
			buildSettings = {
				ALWAYS_SEARCH_USER_PATHS = NO;
				CLANG_ANALYZER_NONNULL = YES;
				CLANG_ANALYZER_NUMBER_OBJECT_CONVERSION = YES_AGGRESSIVE;
				CLANG_CXX_LANGUAGE_STANDARD = "gnu++14";
				CLANG_CXX_LIBRARY = "libc++";
				CLANG_ENABLE_MODULES = YES;
				CLANG_ENABLE_OBJC_ARC = YES;
				CLANG_ENABLE_OBJC_WEAK = YES;
				CLANG_WARN_BLOCK_CAPTURE_AUTORELEASING = YES;
				CLANG_WARN_BOOL_CONVERSION = YES;
				CLANG_WARN_COMMA = YES;
				CLANG_WARN_CONSTANT_CONVERSION = YES;
				CLANG_WARN_DEPRECATED_OBJC_IMPLEMENTATIONS = YES;
				CLANG_WARN_DIRECT_OBJC_ISA_USAGE = YES_ERROR;
				CLANG_WARN_DOCUMENTATION_COMMENTS = YES;
				CLANG_WARN_EMPTY_BODY = YES;
				CLANG_WARN_ENUM_CONVERSION = YES;
				CLANG_WARN_INFINITE_RECURSION = YES;
				CLANG_WARN_INT_CONVERSION = YES;
				CLANG_WARN_NON_LITERAL_NULL_CONVERSION = YES;
				CLANG_WARN_OBJC_IMPLICIT_RETAIN_SELF = YES;
				CLANG_WARN_OBJC_LITERAL_CONVERSION = YES;
				CLANG_WARN_OBJC_ROOT_CLASS = YES_ERROR;
				CLANG_WARN_RANGE_LOOP_ANALYSIS = YES;
				CLANG_WARN_STRICT_PROTOTYPES = YES;
				CLANG_WARN_SUSPICIOUS_MOVE = YES;
				CLANG_WARN_UNGUARDED_AVAILABILITY = YES_AGGRESSIVE;
				CLANG_WARN_UNREACHABLE_CODE = YES;
				CLANG_WARN__DUPLICATE_METHOD_MATCH = YES;
				COPY_PHASE_STRIP = NO;
				DEBUG_INFORMATION_FORMAT = dwarf;
				ENABLE_STRICT_OBJC_MSGSEND = YES;
				ENABLE_TESTABILITY = YES;
				GCC_C_LANGUAGE_STANDARD = gnu11;
				GCC_DYNAMIC_NO_PIC = NO;
				GCC_NO_COMMON_BLOCKS = YES;
				GCC_OPTIMIZATION_LEVEL = 0;
				GCC_PREPROCESSOR_DEFINITIONS = (
					"DEBUG=1",
					"$(inherited)",
				);
				GCC_WARN_64_TO_32_BIT_CONVERSION = YES;
				GCC_WARN_ABOUT_RETURN_TYPE = YES_ERROR;
				GCC_WARN_UNDECLARED_SELECTOR = YES;
				GCC_WARN_UNINITIALIZED_AUTOS = YES_AGGRESSIVE;
				GCC_WARN_UNUSED_FUNCTION = YES;
				GCC_WARN_UNUSED_VARIABLE = YES;
				IPHONEOS_DEPLOYMENT_TARGET = 13.7;
				MTL_ENABLE_DEBUG_INFO = INCLUDE_SOURCE;
				MTL_FAST_MATH = YES;
				ONLY_ACTIVE_ARCH = YES;
				SDKROOT = iphoneos;
			};
			name = Debug;
		};
		447ABA042510EA0400FB764B /* Release */ = {
			isa = XCBuildConfiguration;
			buildSettings = {
				ALWAYS_SEARCH_USER_PATHS = NO;
				CLANG_ANALYZER_NONNULL = YES;
				CLANG_ANALYZER_NUMBER_OBJECT_CONVERSION = YES_AGGRESSIVE;
				CLANG_CXX_LANGUAGE_STANDARD = "gnu++14";
				CLANG_CXX_LIBRARY = "libc++";
				CLANG_ENABLE_MODULES = YES;
				CLANG_ENABLE_OBJC_ARC = YES;
				CLANG_ENABLE_OBJC_WEAK = YES;
				CLANG_WARN_BLOCK_CAPTURE_AUTORELEASING = YES;
				CLANG_WARN_BOOL_CONVERSION = YES;
				CLANG_WARN_COMMA = YES;
				CLANG_WARN_CONSTANT_CONVERSION = YES;
				CLANG_WARN_DEPRECATED_OBJC_IMPLEMENTATIONS = YES;
				CLANG_WARN_DIRECT_OBJC_ISA_USAGE = YES_ERROR;
				CLANG_WARN_DOCUMENTATION_COMMENTS = YES;
				CLANG_WARN_EMPTY_BODY = YES;
				CLANG_WARN_ENUM_CONVERSION = YES;
				CLANG_WARN_INFINITE_RECURSION = YES;
				CLANG_WARN_INT_CONVERSION = YES;
				CLANG_WARN_NON_LITERAL_NULL_CONVERSION = YES;
				CLANG_WARN_OBJC_IMPLICIT_RETAIN_SELF = YES;
				CLANG_WARN_OBJC_LITERAL_CONVERSION = YES;
				CLANG_WARN_OBJC_ROOT_CLASS = YES_ERROR;
				CLANG_WARN_RANGE_LOOP_ANALYSIS = YES;
				CLANG_WARN_STRICT_PROTOTYPES = YES;
				CLANG_WARN_SUSPICIOUS_MOVE = YES;
				CLANG_WARN_UNGUARDED_AVAILABILITY = YES_AGGRESSIVE;
				CLANG_WARN_UNREACHABLE_CODE = YES;
				CLANG_WARN__DUPLICATE_METHOD_MATCH = YES;
				COPY_PHASE_STRIP = NO;
				DEBUG_INFORMATION_FORMAT = "dwarf-with-dsym";
				ENABLE_NS_ASSERTIONS = NO;
				ENABLE_STRICT_OBJC_MSGSEND = YES;
				GCC_C_LANGUAGE_STANDARD = gnu11;
				GCC_NO_COMMON_BLOCKS = YES;
				GCC_WARN_64_TO_32_BIT_CONVERSION = YES;
				GCC_WARN_ABOUT_RETURN_TYPE = YES_ERROR;
				GCC_WARN_UNDECLARED_SELECTOR = YES;
				GCC_WARN_UNINITIALIZED_AUTOS = YES_AGGRESSIVE;
				GCC_WARN_UNUSED_FUNCTION = YES;
				GCC_WARN_UNUSED_VARIABLE = YES;
				IPHONEOS_DEPLOYMENT_TARGET = 13.7;
				MTL_ENABLE_DEBUG_INFO = NO;
				MTL_FAST_MATH = YES;
				SDKROOT = iphoneos;
				VALIDATE_PRODUCT = YES;
			};
			name = Release;
		};
		447ABA062510EA0400FB764B /* Debug */ = {
			isa = XCBuildConfiguration;
			buildSettings = {
				ASSETCATALOG_COMPILER_APPICON_NAME = AppIcon;
				CODE_SIGN_STYLE = Automatic;
				DEVELOPMENT_TEAM = 7SL9WGZAMS;
				INFOPLIST_FILE = HYPRiOSCodingChallenge/Info.plist;
				LD_RUNPATH_SEARCH_PATHS = (
					"$(inherited)",
					"@executable_path/Frameworks",
				);
				PRODUCT_BUNDLE_IDENTIFIER = WarnerDesignTechnology.HYPRiOSCodingChallenge;
				PRODUCT_NAME = "$(TARGET_NAME)";
				TARGETED_DEVICE_FAMILY = "1,2";
			};
			name = Debug;
		};
		447ABA072510EA0400FB764B /* Release */ = {
			isa = XCBuildConfiguration;
			buildSettings = {
				ASSETCATALOG_COMPILER_APPICON_NAME = AppIcon;
				CODE_SIGN_STYLE = Automatic;
				DEVELOPMENT_TEAM = 7SL9WGZAMS;
				INFOPLIST_FILE = HYPRiOSCodingChallenge/Info.plist;
				LD_RUNPATH_SEARCH_PATHS = (
					"$(inherited)",
					"@executable_path/Frameworks",
				);
				PRODUCT_BUNDLE_IDENTIFIER = WarnerDesignTechnology.HYPRiOSCodingChallenge;
				PRODUCT_NAME = "$(TARGET_NAME)";
				TARGETED_DEVICE_FAMILY = "1,2";
			};
			name = Release;
		};
/* End XCBuildConfiguration section */

/* Begin XCConfigurationList section */
		447AB9E42510EA0300FB764B /* Build configuration list for PBXProject "HYPRiOSCodingChallenge" */ = {
			isa = XCConfigurationList;
			buildConfigurations = (
				447ABA032510EA0400FB764B /* Debug */,
				447ABA042510EA0400FB764B /* Release */,
			);
			defaultConfigurationIsVisible = 0;
			defaultConfigurationName = Release;
		};
		447ABA052510EA0400FB764B /* Build configuration list for PBXNativeTarget "HYPRiOSCodingChallenge" */ = {
			isa = XCConfigurationList;
			buildConfigurations = (
				447ABA062510EA0400FB764B /* Debug */,
				447ABA072510EA0400FB764B /* Release */,
			);
			defaultConfigurationIsVisible = 0;
			defaultConfigurationName = Release;
		};
/* End XCConfigurationList section */

/* Begin XCVersionGroup section */
		447AB9F82510EA0300FB764B /* HYPRiOSCodingChallenge.xcdatamodeld */ = {
			isa = XCVersionGroup;
			children = (
				447AB9F92510EA0300FB764B /* HYPRiOSCodingChallenge.xcdatamodel */,
			);
			currentVersion = 447AB9F92510EA0300FB764B /* HYPRiOSCodingChallenge.xcdatamodel */;
			path = HYPRiOSCodingChallenge.xcdatamodeld;
			sourceTree = "<group>";
			versionGroupType = wrapper.xcdatamodel;
		};
/* End XCVersionGroup section */
	};
	rootObject = 447AB9E12510EA0300FB764B /* Project object */;
}
